
Microsoft Visual Studio Solution File, Format Version 12.00
# Visual Studio Version 17
VisualStudioVersion = 17.0.31903.59
MinimumVisualStudioVersion = 10.0.40219.1
Project("{2150E333-8FDC-42A3-9474-1A3956D46DE8}") = "src", "src", "{827E0CD3-B72D-47B6-A68D-7590B98EB39B}"
EndProject
Project("{FAE04EC0-301F-11D3-BF4B-00C04F79EFBC}") = "OpenMemory.Contracts", "src\OpenMemory.Contracts\OpenMemory.Contracts.csproj", "{60361AF3-ADBA-47E2-B85F-452C172903A1}"
EndProject
Project("{FAE04EC0-301F-11D3-BF4B-00C04F79EFBC}") = "OpenMemory.Storage", "src\OpenMemory.Storage\OpenMemory.Storage.csproj", "{38F8ADEC-86EF-47CC-B304-5C8AFA670198}"
EndProject
Project("{FAE04EC0-301F-11D3-BF4B-00C04F79EFBC}") = "OpenMemory.Indexing", "src\OpenMemory.Indexing\OpenMemory.Indexing.csproj", "{C67D204F-8ECD-4145-895F-92FA7A5BC63E}"
EndProject
Project("{FAE04EC0-301F-11D3-BF4B-00C04F79EFBC}") = "OpenMemory.Adapters.Abstractions", "src\OpenMemory.Adapters.Abstractions\OpenMemory.Adapters.Abstractions.csproj", "{4434FCFF-DFED-4C4D-9F41-948FEDF0A6A9}"
EndProject
Project("{FAE04EC0-301F-11D3-BF4B-00C04F79EFBC}") = "OpenMemory.Adapters.Codex", "src\OpenMemory.Adapters.Codex\OpenMemory.Adapters.Codex.csproj", "{C2C2663A-6215-42E3-9ACF-633E9A1B99C1}"
EndProject
Project("{FAE04EC0-301F-11D3-BF4B-00C04F79EFBC}") = "OpenMemory.Adapters.ClaudeCode", "src\OpenMemory.Adapters.ClaudeCode\OpenMemory.Adapters.ClaudeCode.csproj", "{7C343915-9B1E-4524-89C0-78B7434A02B5}"
EndProject
Project("{FAE04EC0-301F-11D3-BF4B-00C04F79EFBC}") = "OpenMemory.Adapters.Antigravity", "src\OpenMemory.Adapters.Antigravity\OpenMemory.Adapters.Antigravity.csproj", "{284646F8-3776-4060-9F62-74B62C5B47DB}"
EndProject
Project("{FAE04EC0-301F-11D3-BF4B-00C04F79EFBC}") = "OpenMemory.Service", "src\OpenMemory.Service\OpenMemory.Service.csproj", "{1AE467B8-CF11-4852-9CC9-13E40FCDF53A}"
EndProject
Project("{FAE04EC0-301F-11D3-BF4B-00C04F79EFBC}") = "OpenMemory.Cli", "src\OpenMemory.Cli\OpenMemory.Cli.csproj", "{692D3A17-3D0A-4163-A7D4-B211C298F8F7}"
EndProject
Project("{FAE04EC0-301F-11D3-BF4B-00C04F79EFBC}") = "OpenMemory.McpBridge", "src\OpenMemory.McpBridge\OpenMemory.McpBridge.csproj", "{556C3003-B84A-40B8-B69A-DAD62D4D3023}"
EndProject
Global
	GlobalSection(SolutionConfigurationPlatforms) = preSolution
		Debug|Any CPU = Debug|Any CPU
		Debug|x64 = Debug|x64
		Debug|x86 = Debug|x86
		Release|Any CPU = Release|Any CPU
		Release|x64 = Release|x64
		Release|x86 = Release|x86
	EndGlobalSection
	GlobalSection(ProjectConfigurationPlatforms) = postSolution
		{60361AF3-ADBA-47E2-B85F-452C172903A1}.Debug|Any CPU.ActiveCfg = Debug|Any CPU
		{60361AF3-ADBA-47E2-B85F-452C172903A1}.Debug|Any CPU.Build.0 = Debug|Any CPU
		{60361AF3-ADBA-47E2-B85F-452C172903A1}.Debug|x64.ActiveCfg = Debug|Any CPU
		{60361AF3-ADBA-47E2-B85F-452C172903A1}.Debug|x64.Build.0 = Debug|Any CPU
		{60361AF3-ADBA-47E2-B85F-452C172903A1}.Debug|x86.ActiveCfg = Debug|Any CPU
		{60361AF3-ADBA-47E2-B85F-452C172903A1}.Debug|x86.Build.0 = Debug|Any CPU
		{60361AF3-ADBA-47E2-B85F-452C172903A1}.Release|Any CPU.ActiveCfg = Release|Any CPU
		{60361AF3-ADBA-47E2-B85F-452C172903A1}.Release|Any CPU.Build.0 = Release|Any CPU
		{60361AF3-ADBA-47E2-B85F-452C172903A1}.Release|x64.ActiveCfg = Release|Any CPU
		{60361AF3-ADBA-47E2-B85F-452C172903A1}.Release|x64.Build.0 = Release|Any CPU
		{60361AF3-ADBA-47E2-B85F-452C172903A1}.Release|x86.ActiveCfg = Release|Any CPU
		{60361AF3-ADBA-47E2-B85F-452C172903A1}.Release|x86.Build.0 = Release|Any CPU
		{38F8ADEC-86EF-47CC-B304-5C8AFA670198}.Debug|Any CPU.ActiveCfg = Debug|Any CPU
		{38F8ADEC-86EF-47CC-B304-5C8AFA670198}.Debug|Any CPU.Build.0 = Debug|Any CPU
		{38F8ADEC-86EF-47CC-B304-5C8AFA670198}.Debug|x64.ActiveCfg = Debug|Any CPU
		{38F8ADEC-86EF-47CC-B304-5C8AFA670198}.Debug|x64.Build.0 = Debug|Any CPU
		{38F8ADEC-86EF-47CC-B304-5C8AFA670198}.Debug|x86.ActiveCfg = Debug|Any CPU
		{38F8ADEC-86EF-47CC-B304-5C8AFA670198}.Debug|x86.Build.0 = Debug|Any CPU
		{38F8ADEC-86EF-47CC-B304-5C8AFA670198}.Release|Any CPU.ActiveCfg = Release|Any CPU
		{38F8ADEC-86EF-47CC-B304-5C8AFA670198}.Release|Any CPU.Build.0 = Release|Any CPU
		{38F8ADEC-86EF-47CC-B304-5C8AFA670198}.Release|x64.ActiveCfg = Release|Any CPU
		{38F8ADEC-86EF-47CC-B304-5C8AFA670198}.Release|x64.Build.0 = Release|Any CPU
		{38F8ADEC-86EF-47CC-B304-5C8AFA670198}.Release|x86.ActiveCfg = Release|Any CPU
		{38F8ADEC-86EF-47CC-B304-5C8AFA670198}.Release|x86.Build.0 = Release|Any CPU
		{C67D204F-8ECD-4145-895F-92FA7A5BC63E}.Debug|Any CPU.ActiveCfg = Debug|Any CPU
		{C67D204F-8ECD-4145-895F-92FA7A5BC63E}.Debug|Any CPU.Build.0 = Debug|Any CPU
		{C67D204F-8ECD-4145-895F-92FA7A5BC63E}.Debug|x64.ActiveCfg = Debug|Any CPU
		{C67D204F-8ECD-4145-895F-92FA7A5BC63E}.Debug|x64.Build.0 = Debug|Any CPU
		{C67D204F-8ECD-4145-895F-92FA7A5BC63E}.Debug|x86.ActiveCfg = Debug|Any CPU
		{C67D204F-8ECD-4145-895F-92FA7A5BC63E}.Debug|x86.Build.0 = Debug|Any CPU
		{C67D204F-8ECD-4145-895F-92FA7A5BC63E}.Release|Any CPU.ActiveCfg = Release|Any CPU
		{C67D204F-8ECD-4145-895F-92FA7A5BC63E}.Release|Any CPU.Build.0 = Release|Any CPU
		{C67D204F-8ECD-4145-895F-92FA7A5BC63E}.Release|x64.ActiveCfg = Release|Any CPU
		{C67D204F-8ECD-4145-895F-92FA7A5BC63E}.Release|x64.Build.0 = Release|Any CPU
		{C67D204F-8ECD-4145-895F-92FA7A5BC63E}.Release|x86.ActiveCfg = Release|Any CPU
		{C67D204F-8ECD-4145-895F-92FA7A5BC63E}.Release|x86.Build.0 = Release|Any CPU
		{4434FCFF-DFED-4C4D-9F41-948FEDF0A6A9}.Debug|Any CPU.ActiveCfg = Debug|Any CPU
		{4434FCFF-DFED-4C4D-9F41-948FEDF0A6A9}.Debug|Any CPU.Build.0 = Debug|Any CPU
		{4434FCFF-DFED-4C4D-9F41-948FEDF0A6A9}.Debug|x64.ActiveCfg = Debug|Any CPU
		{4434FCFF-DFED-4C4D-9F41-948FEDF0A6A9}.Debug|x64.Build.0 = Debug|Any CPU
		{4434FCFF-DFED-4C4D-9F41-948FEDF0A6A9}.Debug|x86.ActiveCfg = Debug|Any CPU
		{4434FCFF-DFED-4C4D-9F41-948FEDF0A6A9}.Debug|x86.Build.0 = Debug|Any CPU
		{4434FCFF-DFED-4C4D-9F41-948FEDF0A6A9}.Release|Any CPU.ActiveCfg = Release|Any CPU
		{4434FCFF-DFED-4C4D-9F41-948FEDF0A6A9}.Release|Any CPU.Build.0 = Release|Any CPU
		{4434FCFF-DFED-4C4D-9F41-948FEDF0A6A9}.Release|x64.ActiveCfg = Release|Any CPU
		{4434FCFF-DFED-4C4D-9F41-948FEDF0A6A9}.Release|x64.Build.0 = Release|Any CPU
		{4434FCFF-DFED-4C4D-9F41-948FEDF0A6A9}.Release|x86.ActiveCfg = Release|Any CPU
		{4434FCFF-DFED-4C4D-9F41-948FEDF0A6A9}.Release|x86.Build.0 = Release|Any CPU
		{C2C2663A-6215-42E3-9ACF-633E9A1B99C1}.Debug|Any CPU.ActiveCfg = Debug|Any CPU
		{C2C2663A-6215-42E3-9ACF-633E9A1B99C1}.Debug|Any CPU.Build.0 = Debug|Any CPU
		{C2C2663A-6215-42E3-9ACF-633E9A1B99C1}.Debug|x64.ActiveCfg = Debug|Any CPU
		{C2C2663A-6215-42E3-9ACF-633E9A1B99C1}.Debug|x64.Build.0 = Debug|Any CPU
		{C2C2663A-6215-42E3-9ACF-633E9A1B99C1}.Debug|x86.ActiveCfg = Debug|Any CPU
		{C2C2663A-6215-42E3-9ACF-633E9A1B99C1}.Debug|x86.Build.0 = Debug|Any CPU
		{C2C2663A-6215-42E3-9ACF-633E9A1B99C1}.Release|Any CPU.ActiveCfg = Release|Any CPU
		{C2C2663A-6215-42E3-9ACF-633E9A1B99C1}.Release|Any CPU.Build.0 = Release|Any CPU
		{C2C2663A-6215-42E3-9ACF-633E9A1B99C1}.Release|x64.ActiveCfg = Release|Any CPU
		{C2C2663A-6215-42E3-9ACF-633E9A1B99C1}.Release|x64.Build.0 = Release|Any CPU
		{C2C2663A-6215-42E3-9ACF-633E9A1B99C1}.Release|x86.ActiveCfg = Release|Any CPU
		{C2C2663A-6215-42E3-9ACF-633E9A1B99C1}.Release|x86.Build.0 = Release|Any CPU
		{7C343915-9B1E-4524-89C0-78B7434A02B5}.Debug|Any CPU.ActiveCfg = Debug|Any CPU
		{7C343915-9B1E-4524-89C0-78B7434A02B5}.Debug|Any CPU.Build.0 = Debug|Any CPU
		{7C343915-9B1E-4524-89C0-78B7434A02B5}.Debug|x64.ActiveCfg = Debug|Any CPU
		{7C343915-9B1E-4524-89C0-78B7434A02B5}.Debug|x64.Build.0 = Debug|Any CPU
		{7C343915-9B1E-4524-89C0-78B7434A02B5}.Debug|x86.ActiveCfg = Debug|Any CPU
		{7C343915-9B1E-4524-89C0-78B7434A02B5}.Debug|x86.Build.0 = Debug|Any CPU
		{7C343915-9B1E-4524-89C0-78B7434A02B5}.Release|Any CPU.ActiveCfg = Release|Any CPU
		{7C343915-9B1E-4524-89C0-78B7434A02B5}.Release|Any CPU.Build.0 = Release|Any CPU
		{7C343915-9B1E-4524-89C0-78B7434A02B5}.Release|x64.ActiveCfg = Release|Any CPU
		{7C343915-9B1E-4524-89C0-78B7434A02B5}.Release|x64.Build.0 = Release|Any CPU
		{7C343915-9B1E-4524-89C0-78B7434A02B5}.Release|x86.ActiveCfg = Release|Any CPU
		{7C343915-9B1E-4524-89C0-78B7434A02B5}.Release|x86.Build.0 = Release|Any CPU
		{284646F8-3776-4060-9F62-74B62C5B47DB}.Debug|Any CPU.ActiveCfg = Debug|Any CPU
		{284646F8-3776-4060-9F62-74B62C5B47DB}.Debug|Any CPU.Build.0 = Debug|Any CPU
		{284646F8-3776-4060-9F62-74B62C5B47DB}.Debug|x64.ActiveCfg = Debug|Any CPU
		{284646F8-3776-4060-9F62-74B62C5B47DB}.Debug|x64.Build.0 = Debug|Any CPU
		{284646F8-3776-4060-9F62-74B62C5B47DB}.Debug|x86.ActiveCfg = Debug|Any CPU
		{284646F8-3776-4060-9F62-74B62C5B47DB}.Debug|x86.Build.0 = Debug|Any CPU
		{284646F8-3776-4060-9F62-74B62C5B47DB}.Release|Any CPU.ActiveCfg = Release|Any CPU
		{284646F8-3776-4060-9F62-74B62C5B47DB}.Release|Any CPU.Build.0 = Release|Any CPU
		{284646F8-3776-4060-9F62-74B62C5B47DB}.Release|x64.ActiveCfg = Release|Any CPU
		{284646F8-3776-4060-9F62-74B62C5B47DB}.Release|x64.Build.0 = Release|Any CPU
		{284646F8-3776-4060-9F62-74B62C5B47DB}.Release|x86.ActiveCfg = Release|Any CPU
		{284646F8-3776-4060-9F62-74B62C5B47DB}.Release|x86.Build.0 = Release|Any CPU
		{1AE467B8-CF11-4852-9CC9-13E40FCDF53A}.Debug|Any CPU.ActiveCfg = Debug|Any CPU
		{1AE467B8-CF11-4852-9CC9-13E40FCDF53A}.Debug|Any CPU.Build.0 = Debug|Any CPU
		{1AE467B8-CF11-4852-9CC9-13E40FCDF53A}.Debug|x64.ActiveCfg = Debug|Any CPU
		{1AE467B8-CF11-4852-9CC9-13E40FCDF53A}.Debug|x64.Build.0 = Debug|Any CPU
		{1AE467B8-CF11-4852-9CC9-13E40FCDF53A}.Debug|x86.ActiveCfg = Debug|Any CPU
		{1AE467B8-CF11-4852-9CC9-13E40FCDF53A}.Debug|x86.Build.0 = Debug|Any CPU
		{1AE467B8-CF11-4852-9CC9-13E40FCDF53A}.Release|Any CPU.ActiveCfg = Release|Any CPU
		{1AE467B8-CF11-4852-9CC9-13E40FCDF53A}.Release|Any CPU.Build.0 = Release|Any CPU
		{1AE467B8-CF11-4852-9CC9-13E40FCDF53A}.Release|x64.ActiveCfg = Release|Any CPU
		{1AE467B8-CF11-4852-9CC9-13E40FCDF53A}.Release|x64.Build.0 = Release|Any CPU
		{1AE467B8-CF11-4852-9CC9-13E40FCDF53A}.Release|x86.ActiveCfg = Release|Any CPU
		{1AE467B8-CF11-4852-9CC9-13E40FCDF53A}.Release|x86.Build.0 = Release|Any CPU
		{692D3A17-3D0A-4163-A7D4-B211C298F8F7}.Debug|Any CPU.ActiveCfg = Debug|Any CPU
		{692D3A17-3D0A-4163-A7D4-B211C298F8F7}.Debug|Any CPU.Build.0 = Debug|Any CPU
		{692D3A17-3D0A-4163-A7D4-B211C298F8F7}.Debug|x64.ActiveCfg = Debug|Any CPU
		{692D3A17-3D0A-4163-A7D4-B211C298F8F7}.Debug|x64.Build.0 = Debug|Any CPU
		{692D3A17-3D0A-4163-A7D4-B211C298F8F7}.Debug|x86.ActiveCfg = Debug|Any CPU
		{692D3A17-3D0A-4163-A7D4-B211C298F8F7}.Debug|x86.Build.0 = Debug|Any CPU
		{692D3A17-3D0A-4163-A7D4-B211C298F8F7}.Release|Any CPU.ActiveCfg = Release|Any CPU
		{692D3A17-3D0A-4163-A7D4-B211C298F8F7}.Release|Any CPU.Build.0 = Release|Any CPU
		{692D3A17-3D0A-4163-A7D4-B211C298F8F7}.Release|x64.ActiveCfg = Release|Any CPU
		{692D3A17-3D0A-4163-A7D4-B211C298F8F7}.Release|x64.Build.0 = Release|Any CPU
		{692D3A17-3D0A-4163-A7D4-B211C298F8F7}.Release|x86.ActiveCfg = Release|Any CPU
		{692D3A17-3D0A-4163-A7D4-B211C298F8F7}.Release|x86.Build.0 = Release|Any CPU
		{556C3003-B84A-40B8-B69A-DAD62D4D3023}.Debug|Any CPU.ActiveCfg = Debug|Any CPU
		{556C3003-B84A-40B8-B69A-DAD62D4D3023}.Debug|Any CPU.Build.0 = Debug|Any CPU
		{556C3003-B84A-40B8-B69A-DAD62D4D3023}.Debug|x64.ActiveCfg = Debug|Any CPU
		{556C3003-B84A-40B8-B69A-DAD62D4D3023}.Debug|x64.Build.0 = Debug|Any CPU
		{556C3003-B84A-40B8-B69A-DAD62D4D3023}.Debug|x86.ActiveCfg = Debug|Any CPU
		{556C3003-B84A-40B8-B69A-DAD62D4D3023}.Debug|x86.Build.0 = Debug|Any CPU
		{556C3003-B84A-40B8-B69A-DAD62D4D3023}.Release|Any CPU.ActiveCfg = Release|Any CPU
		{556C3003-B84A-40B8-B69A-DAD62D4D3023}.Release|Any CPU.Build.0 = Release|Any CPU
		{556C3003-B84A-40B8-B69A-DAD62D4D3023}.Release|x64.ActiveCfg = Release|Any CPU
		{556C3003-B84A-40B8-B69A-DAD62D4D3023}.Release|x64.Build.0 = Release|Any CPU
		{556C3003-B84A-40B8-B69A-DAD62D4D3023}.Release|x86.ActiveCfg = Release|Any CPU
		{556C3003-B84A-40B8-B69A-DAD62D4D3023}.Release|x86.Build.0 = Release|Any CPU
	EndGlobalSection
	GlobalSection(SolutionProperties) = preSolution
		HideSolutionNode = FALSE
	EndGlobalSection
	GlobalSection(NestedProjects) = preSolution
		{60361AF3-ADBA-47E2-B85F-452C172903A1} = {827E0CD3-B72D-47B6-A68D-7590B98EB39B}
		{38F8ADEC-86EF-47CC-B304-5C8AFA670198} = {827E0CD3-B72D-47B6-A68D-7590B98EB39B}
		{C67D204F-8ECD-4145-895F-92FA7A5BC63E} = {827E0CD3-B72D-47B6-A68D-7590B98EB39B}
		{4434FCFF-DFED-4C4D-9F41-948FEDF0A6A9} = {827E0CD3-B72D-47B6-A68D-7590B98EB39B}
		{C2C2663A-6215-42E3-9ACF-633E9A1B99C1} = {827E0CD3-B72D-47B6-A68D-7590B98EB39B}
		{7C343915-9B1E-4524-89C0-78B7434A02B5} = {827E0CD3-B72D-47B6-A68D-7590B98EB39B}
		{284646F8-3776-4060-9F62-74B62C5B47DB} = {827E0CD3-B72D-47B6-A68D-7590B98EB39B}
		{1AE467B8-CF11-4852-9CC9-13E40FCDF53A} = {827E0CD3-B72D-47B6-A68D-7590B98EB39B}
		{692D3A17-3D0A-4163-A7D4-B211C298F8F7} = {827E0CD3-B72D-47B6-A68D-7590B98EB39B}
		{556C3003-B84A-40B8-B69A-DAD62D4D3023} = {827E0CD3-B72D-47B6-A68D-7590B98EB39B}
	EndGlobalSection
EndGlobal
