
Microsoft Visual Studio Solution File, Format Version 12.00
# Visual Studio Version 17
VisualStudioVersion = 17.0.31903.59
MinimumVisualStudioVersion = 10.0.40219.1
Project("{2150E333-8FDC-42A3-9474-1A3956D46DE8}") = "src", "src", "{827E0CD3-B72D-47B6-A68D-7590B98EB39B}"
EndProject
Project("{FAE04EC0-301F-11D3-BF4B-00C04F79EFBC}") = "OpenMemory.Contracts", "src\OpenMemory.Contracts\OpenMemory.Contracts.csproj", "{60361AF3-ADBA-47E2-B85F-452C172903A1}"
EndProject
Project("{FAE04EC0-301F-11D3-BF4B-00C04F79EFBC}") = "OpenMemory.Storage", "src\OpenMemory.Storage\OpenMemory.Storage.csproj", "{38F8ADEC-86EF-47CC-B304-5C8AFA670198}"
EndProject
Project("{FAE04EC0-301F-11D3-BF4B-00C04F79EFBC}") = "OpenMemory.Indexing", "src\OpenMemory.Indexing\OpenMemory.Indexing.csproj", "{C67D204F-8ECD-4145-895F-92FA7A5BC63E}"
EndProject
Global
	GlobalSection(SolutionConfigurationPlatforms) = preSolution
		Debug|Any CPU = Debug|Any CPU
		Debug|x64 = Debug|x64
		Debug|x86 = Debug|x86
		Release|Any CPU = Release|Any CPU
		Release|x64 = Release|x64
		Release|x86 = Release|x86
	EndGlobalSection
	GlobalSection(ProjectConfigurationPlatforms) = postSolution
		{60361AF3-ADBA-47E2-B85F-452C172903A1}.Debug|Any CPU.ActiveCfg = Debug|Any CPU
		{60361AF3-ADBA-47E2-B85F-452C172903A1}.Debug|Any CPU.Build.0 = Debug|Any CPU
		{60361AF3-ADBA-47E2-B85F-452C172903A1}.Debug|x64.ActiveCfg = Debug|Any CPU
		{60361AF3-ADBA-47E2-B85F-452C172903A1}.Debug|x64.Build.0 = Debug|Any CPU
		{60361AF3-ADBA-47E2-B85F-452C172903A1}.Debug|x86.ActiveCfg = Debug|Any CPU
		{60361AF3-ADBA-47E2-B85F-452C172903A1}.Debug|x86.Build.0 = Debug|Any CPU
		{60361AF3-ADBA-47E2-B85F-452C172903A1}.Release|Any CPU.ActiveCfg = Release|Any CPU
		{60361AF3-ADBA-47E2-B85F-452C172903A1}.Release|Any CPU.Build.0 = Release|Any CPU
		{60361AF3-ADBA-47E2-B85F-452C172903A1}.Release|x64.ActiveCfg = Release|Any CPU
		{60361AF3-ADBA-47E2-B85F-452C172903A1}.Release|x64.Build.0 = Release|Any CPU
		{60361AF3-ADBA-47E2-B85F-452C172903A1}.Release|x86.ActiveCfg = Release|Any CPU
		{60361AF3-ADBA-47E2-B85F-452C172903A1}.Release|x86.Build.0 = Release|Any CPU
		{38F8ADEC-86EF-47CC-B304-5C8AFA670198}.Debug|Any CPU.ActiveCfg = Debug|Any CPU
		{38F8ADEC-86EF-47CC-B304-5C8AFA670198}.Debug|Any CPU.Build.0 = Debug|Any CPU
		{38F8ADEC-86EF-47CC-B304-5C8AFA670198}.Debug|x64.ActiveCfg = Debug|Any CPU
		{38F8ADEC-86EF-47CC-B304-5C8AFA670198}.Debug|x64.Build.0 = Debug|Any CPU
		{38F8ADEC-86EF-47CC-B304-5C8AFA670198}.Debug|x86.ActiveCfg = Debug|Any CPU
		{38F8ADEC-86EF-47CC-B304-5C8AFA670198}.Debug|x86.Build.0 = Debug|Any CPU
		{38F8ADEC-86EF-47CC-B304-5C8AFA670198}.Release|Any CPU.ActiveCfg = Release|Any CPU
		{38F8ADEC-86EF-47CC-B304-5C8AFA670198}.Release|Any CPU.Build.0 = Release|Any CPU
		{38F8ADEC-86EF-47CC-B304-5C8AFA670198}.Release|x64.ActiveCfg = Release|Any CPU
		{38F8ADEC-86EF-47CC-B304-5C8AFA670198}.Release|x64.Build.0 = Release|Any CPU
		{38F8ADEC-86EF-47CC-B304-5C8AFA670198}.Release|x86.ActiveCfg = Release|Any CPU
		{38F8ADEC-86EF-47CC-B304-5C8AFA670198}.Release|x86.Build.0 = Release|Any CPU
		{C67D204F-8ECD-4145-895F-92FA7A5BC63E}.Debug|Any CPU.ActiveCfg = Debug|Any CPU
		{C67D204F-8ECD-4145-895F-92FA7A5BC63E}.Debug|Any CPU.Build.0 = Debug|Any CPU
		{C67D204F-8ECD-4145-895F-92FA7A5BC63E}.Debug|x64.ActiveCfg = Debug|Any CPU
		{C67D204F-8ECD-4145-895F-92FA7A5BC63E}.Debug|x64.Build.0 = Debug|Any CPU
		{C67D204F-8ECD-4145-895F-92FA7A5BC63E}.Debug|x86.ActiveCfg = Debug|Any CPU
		{C67D204F-8ECD-4145-895F-92FA7A5BC63E}.Debug|x86.Build.0 = Debug|Any CPU
		{C67D204F-8ECD-4145-895F-92FA7A5BC63E}.Release|Any CPU.ActiveCfg = Release|Any CPU
		{C67D204F-8ECD-4145-895F-92FA7A5BC63E}.Release|Any CPU.Build.0 = Release|Any CPU
		{C67D204F-8ECD-4145-895F-92FA7A5BC63E}.Release|x64.ActiveCfg = Release|Any CPU
		{C67D204F-8ECD-4145-895F-92FA7A5BC63E}.Release|x64.Build.0 = Release|Any CPU
		{C67D204F-8ECD-4145-895F-92FA7A5BC63E}.Release|x86.ActiveCfg = Release|Any CPU
		{C67D204F-8ECD-4145-895F-92FA7A5BC63E}.Release|x86.Build.0 = Release|Any CPU
	EndGlobalSection
	GlobalSection(SolutionProperties) = preSolution
		HideSolutionNode = FALSE
	EndGlobalSection
	GlobalSection(NestedProjects) = preSolution
		{60361AF3-ADBA-47E2-B85F-452C172903A1} = {827E0CD3-B72D-47B6-A68D-7590B98EB39B}
		{38F8ADEC-86EF-47CC-B304-5C8AFA670198} = {827E0CD3-B72D-47B6-A68D-7590B98EB39B}
		{C67D204F-8ECD-4145-895F-92FA7A5BC63E} = {827E0CD3-B72D-47B6-A68D-7590B98EB39B}
	EndGlobalSection
EndGlobal
